
Microsoft Visual Studio Solution File, Format Version 12.00
# Visual Studio Version 16
VisualStudioVersion = 16.0.28803.202
MinimumVisualStudioVersion = 10.0.40219.1
Project("{8BC9CEB8-8B4A-11D0-8D11-00A0C91BC942}") = "Lesson_6", "Lesson_6\Lesson_6.vcxproj", "{DCD7281F-8E63-4732-8763-74D6174C85EC}"
EndProject
Global
	GlobalSection(SolutionConfigurationPlatforms) = preSolution
		Debug|x64 = Debug|x64
		Debug|x86 = Debug|x86
		Release|x64 = Release|x64
		Release|x86 = Release|x86
	EndGlobalSection
	GlobalSection(ProjectConfigurationPlatforms) = postSolution
		{DCD7281F-8E63-4732-8763-74D6174C85EC}.Debug|x64.ActiveCfg = Debug|x64
		{DCD7281F-8E63-4732-8763-74D6174C85EC}.Debug|x64.Build.0 = Debug|x64
		{DCD7281F-8E63-4732-8763-74D6174C85EC}.Debug|x86.ActiveCfg = Debug|Win32
		{DCD7281F-8E63-4732-8763-74D6174C85EC}.Debug|x86.Build.0 = Debug|Win32
		{DCD7281F-8E63-4732-8763-74D6174C85EC}.Release|x64.ActiveCfg = Release|x64
		{DCD7281F-8E63-4732-8763-74D6174C85EC}.Release|x64.Build.0 = Release|x64
		{DCD7281F-8E63-4732-8763-74D6174C85EC}.Release|x86.ActiveCfg = Release|Win32
		{DCD7281F-8E63-4732-8763-74D6174C85EC}.Release|x86.Build.0 = Release|Win32
	EndGlobalSection
	GlobalSection(SolutionProperties) = preSolution
		HideSolutionNode = FALSE
	EndGlobalSection
	GlobalSection(ExtensibilityGlobals) = postSolution
		SolutionGuid = {65C25D04-E583-47CA-A1FA-9F4B565AFEA4}
	EndGlobalSection
EndGlobal
